Microsoft Visual Studio Solution File, Format Version 11.00
# Visual Studio 2008

Project("{FB196F6F-599F-BC44-E326-D518EC8B0E11}") = "StoplichtProjectClient", "Assembly-CSharp-firstpass.csproj", "{DB2672F0-C189-F99F-8F54-8464DC54F729}"
EndProject
Project("{FB196F6F-599F-BC44-E326-D518EC8B0E11}") = "StoplichtProjectClient", "Assembly-CSharp.csproj", "{053753BB-CA69-F070-40DD-F49DB7128EAD}"
EndProject
Project("{FB196F6F-599F-BC44-E326-D518EC8B0E11}") = "StoplichtProjectClient", "Assembly-CSharp-Editor.csproj", "{9EE5A48D-17DC-175D-4442-1E6E153B949B}"
EndProject
Project("{FB196F6F-599F-BC44-E326-D518EC8B0E11}") = "StoplichtProjectClient", "Assembly-UnityScript-firstpass.unityproj", "{DD0D150D-81A4-425A-A040-9FAD8FB9E3D2}"
EndProject
Global
	GlobalSection(SolutionConfigurationPlatforms) = preSolution
		Debug|Any CPU = Debug|Any CPU
		Release|Any CPU = Release|Any CPU
	EndGlobalSection
	GlobalSection(ProjectConfigurationPlatforms) = postSolution
		{DB2672F0-C189-F99F-8F54-8464DC54F729}.Debug|Any CPU.ActiveCfg = Debug|Any CPU
		{DB2672F0-C189-F99F-8F54-8464DC54F729}.Debug|Any CPU.Build.0 = Debug|Any CPU
		{DB2672F0-C189-F99F-8F54-8464DC54F729}.Release|Any CPU.ActiveCfg = Release|Any CPU
		{DB2672F0-C189-F99F-8F54-8464DC54F729}.Release|Any CPU.Build.0 = Release|Any CPU
		{053753BB-CA69-F070-40DD-F49DB7128EAD}.Debug|Any CPU.ActiveCfg = Debug|Any CPU
		{053753BB-CA69-F070-40DD-F49DB7128EAD}.Debug|Any CPU.Build.0 = Debug|Any CPU
		{053753BB-CA69-F070-40DD-F49DB7128EAD}.Release|Any CPU.ActiveCfg = Release|Any CPU
		{053753BB-CA69-F070-40DD-F49DB7128EAD}.Release|Any CPU.Build.0 = Release|Any CPU
		{9EE5A48D-17DC-175D-4442-1E6E153B949B}.Debug|Any CPU.ActiveCfg = Debug|Any CPU
		{9EE5A48D-17DC-175D-4442-1E6E153B949B}.Debug|Any CPU.Build.0 = Debug|Any CPU
		{9EE5A48D-17DC-175D-4442-1E6E153B949B}.Release|Any CPU.ActiveCfg = Release|Any CPU
		{9EE5A48D-17DC-175D-4442-1E6E153B949B}.Release|Any CPU.Build.0 = Release|Any CPU
		{DD0D150D-81A4-425A-A040-9FAD8FB9E3D2}.Debug|Any CPU.ActiveCfg = Debug|Any CPU
		{DD0D150D-81A4-425A-A040-9FAD8FB9E3D2}.Debug|Any CPU.Build.0 = Debug|Any CPU
		{DD0D150D-81A4-425A-A040-9FAD8FB9E3D2}.Release|Any CPU.ActiveCfg = Release|Any CPU
		{DD0D150D-81A4-425A-A040-9FAD8FB9E3D2}.Release|Any CPU.Build.0 = Release|Any CPU
	EndGlobalSection
	GlobalSection(SolutionProperties) = preSolution
		HideSolutionNode = FALSE
	EndGlobalSection
																																																																					GlobalSection(MonoDevelopProperties) = preSolution
		StartupItem = Assembly-CSharp.csproj
		Policies = $0
		$0.TextStylePolicy = $1
		$1.inheritsSet = null
		$1.scope = text/x-csharp
		$0.CSharpFormattingPolicy = $2
		$2.inheritsSet = Mono
		$2.inheritsScope = text/x-csharp
		$2.scope = text/x-csharp
		$0.TextStylePolicy = $3
		$3.FileWidth = 120
		$3.TabWidth = 4
		$3.IndentWidth = 4
		$3.EolMarker = Unix
		$3.inheritsSet = Mono
		$3.inheritsScope = text/plain
		$3.scope = text/plain
	EndGlobalSection

EndGlobal
